
Microsoft Visual Studio Solution File, Format Version 12.00
# Visual Studio Version 17
VisualStudioVersion = 17.5.33502.453
MinimumVisualStudioVersion = 10.0.40219.1
Project("{9A19103F-16F7-4668-BE54-9A1E7A4F7556}") = "Lazy", "Lazy\Lazy.csproj", "{5E2442BD-687A-461F-89D5-A483D992C630}"
EndProject
Project("{FAE04EC0-301F-11D3-BF4B-00C04F79EFBC}") = "Lazy.Tests", "Lazy.Tests\Lazy.Tests.csproj", "{A5AABFEF-2E9D-493E-AD13-0CEB12A9BF9A}"
EndProject
Global
	GlobalSection(SolutionConfigurationPlatforms) = preSolution
		Debug|Any CPU = Debug|Any CPU
		Release|Any CPU = Release|Any CPU
	EndGlobalSection
	GlobalSection(ProjectConfigurationPlatforms) = postSolution
		{5E2442BD-687A-461F-89D5-A483D992C630}.Debug|Any CPU.ActiveCfg = Debug|Any CPU
		{5E2442BD-687A-461F-89D5-A483D992C630}.Debug|Any CPU.Build.0 = Debug|Any CPU
		{5E2442BD-687A-461F-89D5-A483D992C630}.Release|Any CPU.ActiveCfg = Release|Any CPU
		{5E2442BD-687A-461F-89D5-A483D992C630}.Release|Any CPU.Build.0 = Release|Any CPU
		{A5AABFEF-2E9D-493E-AD13-0CEB12A9BF9A}.Debug|Any CPU.ActiveCfg = Debug|Any CPU
		{A5AABFEF-2E9D-493E-AD13-0CEB12A9BF9A}.Debug|Any CPU.Build.0 = Debug|Any CPU
		{A5AABFEF-2E9D-493E-AD13-0CEB12A9BF9A}.Release|Any CPU.ActiveCfg = Release|Any CPU
		{A5AABFEF-2E9D-493E-AD13-0CEB12A9BF9A}.Release|Any CPU.Build.0 = Release|Any CPU
	EndGlobalSection
	GlobalSection(SolutionProperties) = preSolution
		HideSolutionNode = FALSE
	EndGlobalSection
	GlobalSection(ExtensibilityGlobals) = postSolution
		SolutionGuid = {673C1F5E-F5A7-4123-96A1-9AF65B2BFC93}
	EndGlobalSection
EndGlobal
