
Microsoft Visual Studio Solution File, Format Version 12.00
# Visual Studio Version 17
VisualStudioVersion = 17.5.33502.453
MinimumVisualStudioVersion = 10.0.40219.1
Project("{FAE04EC0-301F-11D3-BF4B-00C04F79EFBC}") = "Server", "Server\Server.csproj", "{F1CA4820-18BC-469E-877B-206E4541243F}"
EndProject
Project("{FAE04EC0-301F-11D3-BF4B-00C04F79EFBC}") = "Client", "Client\Client.csproj", "{BAFDCDE4-CC9A-4843-AE4C-26AD39260B04}"
EndProject
Global
	GlobalSection(SolutionConfigurationPlatforms) = preSolution
		Debug|Any CPU = Debug|Any CPU
		Release|Any CPU = Release|Any CPU
	EndGlobalSection
	GlobalSection(ProjectConfigurationPlatforms) = postSolution
		{F1CA4820-18BC-469E-877B-206E4541243F}.Debug|Any CPU.ActiveCfg = Debug|Any CPU
		{F1CA4820-18BC-469E-877B-206E4541243F}.Debug|Any CPU.Build.0 = Debug|Any CPU
		{F1CA4820-18BC-469E-877B-206E4541243F}.Release|Any CPU.ActiveCfg = Release|Any CPU
		{F1CA4820-18BC-469E-877B-206E4541243F}.Release|Any CPU.Build.0 = Release|Any CPU
		{BAFDCDE4-CC9A-4843-AE4C-26AD39260B04}.Debug|Any CPU.ActiveCfg = Debug|Any CPU
		{BAFDCDE4-CC9A-4843-AE4C-26AD39260B04}.Debug|Any CPU.Build.0 = Debug|Any CPU
		{BAFDCDE4-CC9A-4843-AE4C-26AD39260B04}.Release|Any CPU.ActiveCfg = Release|Any CPU
		{BAFDCDE4-CC9A-4843-AE4C-26AD39260B04}.Release|Any CPU.Build.0 = Release|Any CPU
	EndGlobalSection
	GlobalSection(SolutionProperties) = preSolution
		HideSolutionNode = FALSE
	EndGlobalSection
	GlobalSection(ExtensibilityGlobals) = postSolution
		SolutionGuid = {8548E966-9684-4C2C-9221-CC6387C899AC}
	EndGlobalSection
EndGlobal
