
Microsoft Visual Studio Solution File, Format Version 12.00
# Visual Studio Version 17
VisualStudioVersion = 17.5.33502.453
MinimumVisualStudioVersion = 10.0.40219.1
Project("{9A19103F-16F7-4668-BE54-9A1E7A4F7556}") = "Test1attempt1", "Test1attempt1\Test1attempt1.csproj", "{A0E75841-DEF0-49E2-80CB-F9FD9D54A335}"
EndProject
Project("{FAE04EC0-301F-11D3-BF4B-00C04F79EFBC}") = "Test1attempt1.Tests", "Test1attempt1.Tests\Test1attempt1.Tests.csproj", "{B05E2978-B7C9-41A0-980E-BE8AE16F6A80}"
EndProject
Global
	GlobalSection(SolutionConfigurationPlatforms) = preSolution
		Debug|Any CPU = Debug|Any CPU
		Release|Any CPU = Release|Any CPU
	EndGlobalSection
	GlobalSection(ProjectConfigurationPlatforms) = postSolution
		{A0E75841-DEF0-49E2-80CB-F9FD9D54A335}.Debug|Any CPU.ActiveCfg = Debug|Any CPU
		{A0E75841-DEF0-49E2-80CB-F9FD9D54A335}.Debug|Any CPU.Build.0 = Debug|Any CPU
		{A0E75841-DEF0-49E2-80CB-F9FD9D54A335}.Release|Any CPU.ActiveCfg = Release|Any CPU
		{A0E75841-DEF0-49E2-80CB-F9FD9D54A335}.Release|Any CPU.Build.0 = Release|Any CPU
		{B05E2978-B7C9-41A0-980E-BE8AE16F6A80}.Debug|Any CPU.ActiveCfg = Debug|Any CPU
		{B05E2978-B7C9-41A0-980E-BE8AE16F6A80}.Debug|Any CPU.Build.0 = Debug|Any CPU
		{B05E2978-B7C9-41A0-980E-BE8AE16F6A80}.Release|Any CPU.ActiveCfg = Release|Any CPU
		{B05E2978-B7C9-41A0-980E-BE8AE16F6A80}.Release|Any CPU.Build.0 = Release|Any CPU
	EndGlobalSection
	GlobalSection(SolutionProperties) = preSolution
		HideSolutionNode = FALSE
	EndGlobalSection
	GlobalSection(ExtensibilityGlobals) = postSolution
		SolutionGuid = {B4BDB29D-AAC0-4205-93BA-0525951F4CB3}
	EndGlobalSection
EndGlobal
