
Microsoft Visual Studio Solution File, Format Version 12.00
# Visual Studio Version 17
VisualStudioVersion = 17.5.33502.453
MinimumVisualStudioVersion = 10.0.40219.1
Project("{FAE04EC0-301F-11D3-BF4B-00C04F79EFBC}") = "MyNUnit", "MyNUnit\MyNUnit.csproj", "{4A7FEBEC-083B-4721-B20A-7225DF5A9B13}"
EndProject
Global
	GlobalSection(SolutionConfigurationPlatforms) = preSolution
		Debug|Any CPU = Debug|Any CPU
		Release|Any CPU = Release|Any CPU
	EndGlobalSection
	GlobalSection(ProjectConfigurationPlatforms) = postSolution
		{4A7FEBEC-083B-4721-B20A-7225DF5A9B13}.Debug|Any CPU.ActiveCfg = Debug|Any CPU
		{4A7FEBEC-083B-4721-B20A-7225DF5A9B13}.Debug|Any CPU.Build.0 = Debug|Any CPU
		{4A7FEBEC-083B-4721-B20A-7225DF5A9B13}.Release|Any CPU.ActiveCfg = Release|Any CPU
		{4A7FEBEC-083B-4721-B20A-7225DF5A9B13}.Release|Any CPU.Build.0 = Release|Any CPU
	EndGlobalSection
	GlobalSection(SolutionProperties) = preSolution
		HideSolutionNode = FALSE
	EndGlobalSection
	GlobalSection(ExtensibilityGlobals) = postSolution
		SolutionGuid = {B9E80881-68C8-43B1-9123-E637CF91A448}
	EndGlobalSection
EndGlobal
